
Microsoft Visual Studio Solution File, Format Version 12.00
# Visual Studio Version 16
VisualStudioVersion = 16.0.31729.503
MinimumVisualStudioVersion = 10.0.40219.1
Project("{FAE04EC0-301F-11D3-BF4B-00C04F79EFBC}") = "ChamadosSenai", "ChamadosSenai\ChamadosSenai.csproj", "{907C9811-5D55-4BB5-AB82-8B1265029FDE}"
EndProject
Global
	GlobalSection(SolutionConfigurationPlatforms) = preSolution
		Debug|Any CPU = Debug|Any CPU
		Release|Any CPU = Release|Any CPU
	EndGlobalSection
	GlobalSection(ProjectConfigurationPlatforms) = postSolution
		{907C9811-5D55-4BB5-AB82-8B1265029FDE}.Debug|Any CPU.ActiveCfg = Debug|Any CPU
		{907C9811-5D55-4BB5-AB82-8B1265029FDE}.Debug|Any CPU.Build.0 = Debug|Any CPU
		{907C9811-5D55-4BB5-AB82-8B1265029FDE}.Release|Any CPU.ActiveCfg = Release|Any CPU
		{907C9811-5D55-4BB5-AB82-8B1265029FDE}.Release|Any CPU.Build.0 = Release|Any CPU
	EndGlobalSection
	GlobalSection(SolutionProperties) = preSolution
		HideSolutionNode = FALSE
	EndGlobalSection
	GlobalSection(ExtensibilityGlobals) = postSolution
		SolutionGuid = {452F5C69-CE0B-4287-9147-6130BF24CA21}
	EndGlobalSection
EndGlobal
